{
  "version": 4,
  "terraform_version": "1.14.8",
  "serial": 5,
  "lineage": "a76f70b8-b66b-54e8-5a7c-a236ca293d98",
  "outputs": {},
  "resources": [
    {
      "mode": "managed",
      "type": "azurerm_resource_group",
      "name": "rg1",
      "provider": "provider[\"registry.terraform.io/hashicorp/azurerm\"]",
      "instances": [
        {
          "schema_version": 0,
          "attributes": {
            "id": "/subscriptions/5e978d57-9c90-453d-9f82-fc670f334944/resourceGroups/rg-demo-lab",
            "location": "eastasia",
            "managed_by": "",
            "name": "rg-demo-lab",
            "tags": {},
            "timeouts": null
          },
          "sensitive_attributes": [],
          "identity_schema_version": 0,
          "identity": {
            "name": "rg-demo-lab",
            "subscription_id": "5e978d57-9c90-453d-9f82-fc670f334944"
          },
          "private": "eyJlMmJmYjczMC1lY2FhLTExZTYtOGY4OC0zNDM2M2JjN2M0YzAiOnsiY3JlYXRlIjo1NDAwMDAwMDAwMDAwLCJkZWxldGUiOjU0MDAwMDAwMDAwMDAsInJlYWQiOjMwMDAwMDAwMDAwMCwidXBkYXRlIjo1NDAwMDAwMDAwMDAwfX0="
        }
      ]
    },
    {
      "mode": "managed",
      "type": "azurerm_static_web_app",
      "name": "nonzaint-aswa1",
      "provider": "provider[\"registry.terraform.io/hashicorp/azurerm\"]",
      "instances": [
        {
          "schema_version": 0,
          "attributes": {
            "api_key": "0b06ab013b909c883bd8608293672c7d33462e56a00e06156c5bd2d5cbbb67c407-f482baba-2090-4c45-9fb2-6c8bc643c3c3000263104d60a700",
            "app_settings": null,
            "basic_auth": [],
            "configuration_file_changes_enabled": true,
            "default_host_name": "proud-sand-04d60a700.7.azurestaticapps.net",
            "id": "/subscriptions/5e978d57-9c90-453d-9f82-fc670f334944/resourceGroups/rg-demo-lab/providers/Microsoft.Web/staticSites/aswa-nonzaint",
            "identity": [],
            "location": "eastasia",
            "name": "aswa-nonzaint",
            "preview_environments_enabled": true,
            "public_network_access_enabled": true,
            "repository_branch": "",
            "repository_token": "",
            "repository_url": "",
            "resource_group_name": "rg-demo-lab",
            "sku_size": "Free",
            "sku_tier": "Free",
            "tags": null,
            "timeouts": null
          },
          "sensitive_attributes": [
            [
              {
                "type": "get_attr",
                "value": "api_key"
              }
            ],
            [
              {
                "type": "get_attr",
                "value": "repository_token"
              }
            ]
          ],
          "identity_schema_version": 0,
          "private": "eyJlMmJmYjczMC1lY2FhLTExZTYtOGY4OC0zNDM2M2JjN2M0YzAiOnsiY3JlYXRlIjoxODAwMDAwMDAwMDAwLCJkZWxldGUiOjE4MDAwMDAwMDAwMDAsInJlYWQiOjMwMDAwMDAwMDAwMCwidXBkYXRlIjoxODAwMDAwMDAwMDAwfX0=",
          "dependencies": [
            "azurerm_resource_group.rg1"
          ]
        }
      ]
    },
    {
      "mode": "managed",
      "type": "azurerm_virtual_network",
      "name": "region1-vnet1-hub1",
      "provider": "provider[\"registry.terraform.io/hashicorp/azurerm\"]",
      "instances": [
        {
          "schema_version": 0,
          "attributes": {
            "address_space": [
              "10.10.0.0/16"
            ],
            "bgp_community": "",
            "ddos_protection_plan": [],
            "dns_servers": [],
            "edge_zone": "",
            "encryption": [],
            "flow_timeout_in_minutes": 0,
            "guid": "d3274dc3-1b33-4272-b653-aa76548c6904",
            "id": "/subscriptions/5e978d57-9c90-453d-9f82-fc670f334944/resourceGroups/rg-demo-lab/providers/Microsoft.Network/virtualNetworks/region1-vnet1-hub1",
            "ip_address_pool": [],
            "location": "eastasia",
            "name": "region1-vnet1-hub1",
            "private_endpoint_vnet_policies": "Disabled",
            "resource_group_name": "rg-demo-lab",
            "subnet": [],
            "tags": {},
            "timeouts": null
          },
          "sensitive_attributes": [],
          "identity_schema_version": 0,
          "identity": {
            "name": "region1-vnet1-hub1",
            "resource_group_name": "rg-demo-lab",
            "subscription_id": "5e978d57-9c90-453d-9f82-fc670f334944"
          },
          "private": "eyJlMmJmYjczMC1lY2FhLTExZTYtOGY4OC0zNDM2M2JjN2M0YzAiOnsiY3JlYXRlIjoxODAwMDAwMDAwMDAwLCJkZWxldGUiOjE4MDAwMDAwMDAwMDAsInJlYWQiOjMwMDAwMDAwMDAwMCwidXBkYXRlIjoxODAwMDAwMDAwMDAwfX0=",
          "dependencies": [
            "azurerm_resource_group.rg1"
          ]
        }
      ]
    }
  ],
  "check_results": null
}
